PODS:
  - Alamofire (4.5.1)
  - Charts (3.0.3):
    - Charts/Core (= 3.0.3)
  - Charts/Core (3.0.3)
  - DLRadioButton (1.4.11)
  - DropDown (2)
  - IQKeyboardManagerSwift (5.0.6)
  - MBCircularProgressBar (0.3.5)
  - PKHUD (4.2.3)
  - ReachabilitySwift (3)
  - SideMenuController (0.2.4)

DEPENDENCIES:
  - Alamofire (~> 4.0)
  - Charts (= 3.0.3)
  - DLRadioButton (~> 1.4)
  - DropDown
  - IQKeyboardManagerSwift
  - MBCircularProgressBar
  - PKHUD (~> 4.0)
  - ReachabilitySwift (~> 3)
  - SideMenuController

SPEC CHECKSUMS:
  Alamofire: 2d95912bf4c34f164fdfc335872e8c312acaea4a
  Charts: bcde37724c161958c1438dd4883971fcb2d50c06
  DLRadioButton: 0d04b8259e7bfd886571a1e9173c73fee7118f50
  DropDown: 744784d9c9aa505100e942c16acd05430cbb2f0a
  IQKeyboardManagerSwift: 02bfbb0dff71c66d0ab77d80d25dfce0c3717735
  MBCircularProgressBar: 0b795b722a5eb5b0923822f90474e2576a1a7855
  PKHUD: c7692163a09875cbf15827dc581df3c5cf7f1015
  ReachabilitySwift: f5b9bb30a0777fac8f09ce8b067e32faeb29bb64
  SideMenuController: b463d2b3aa58e2afe57f57a07938fa9a647894ca

PODFILE CHECKSUM: 6d0b2a890d2815f12d07b614cc3fcd401c79c453

COCOAPODS: 1.3.1
